
Microsoft Visual Studio Solution File, Format Version 12.00
# Visual Studio 2012
Project("{FAE04EC0-301F-11D3-BF4B-00C04F79EFBC}") = "NewCouponSys", "NewCouponSys\NewCouponSys.csproj", "{5D88D889-F0F4-47D7-9FEF-F1C1F7C030C3}"
EndProject
Project("{FAE04EC0-301F-11D3-BF4B-00C04F79EFBC}") = "UnitTestProject2", "UnitTestProject2\UnitTestProject2.csproj", "{96342064-7331-48E6-833D-CFB90E1317C3}"
EndProject
Global
	GlobalSection(SolutionConfigurationPlatforms) = preSolution
		Debug|Any CPU = Debug|Any CPU
		Release|Any CPU = Release|Any CPU
	EndGlobalSection
	GlobalSection(ProjectConfigurationPlatforms) = postSolution
		{5D88D889-F0F4-47D7-9FEF-F1C1F7C030C3}.Debug|Any CPU.ActiveCfg = Debug|Any CPU
		{5D88D889-F0F4-47D7-9FEF-F1C1F7C030C3}.Debug|Any CPU.Build.0 = Debug|Any CPU
		{5D88D889-F0F4-47D7-9FEF-F1C1F7C030C3}.Release|Any CPU.ActiveCfg = Release|Any CPU
		{5D88D889-F0F4-47D7-9FEF-F1C1F7C030C3}.Release|Any CPU.Build.0 = Release|Any CPU
		{96342064-7331-48E6-833D-CFB90E1317C3}.Debug|Any CPU.ActiveCfg = Debug|Any CPU
		{96342064-7331-48E6-833D-CFB90E1317C3}.Debug|Any CPU.Build.0 = Debug|Any CPU
		{96342064-7331-48E6-833D-CFB90E1317C3}.Release|Any CPU.ActiveCfg = Release|Any CPU
		{96342064-7331-48E6-833D-CFB90E1317C3}.Release|Any CPU.Build.0 = Release|Any CPU
	EndGlobalSection
	GlobalSection(SolutionProperties) = preSolution
		HideSolutionNode = FALSE
	EndGlobalSection
EndGlobal
